
Microsoft Visual Studio Solution File, Format Version 12.00
# Visual Studio 2013
VisualStudioVersion = 12.0.21005.1
MinimumVisualStudioVersion = 10.0.40219.1
Project("{FAE04EC0-301F-11D3-BF4B-00C04F79EFBC}") = "Ksu.Cis300.ConnectFour", "Ksu.Cis300.ConnectFour\Ksu.Cis300.ConnectFour.csproj", "{958BA839-1043-487D-852A-0C62B11E2485}"
EndProject
Global
	GlobalSection(TeamFoundationVersionControl) = preSolution
		SccNumberOfProjects = 2
		SccEnterpriseProvider = {4CA58AB2-18FA-4F8D-95D4-32DDF27D184C}
		SccTeamFoundationServer = https://alex606.visualstudio.com/defaultcollection
		SccLocalPath0 = .
		SccProjectUniqueName1 = Ksu.Cis300.ConnectFour\\Ksu.Cis300.ConnectFour.csproj
		SccProjectName1 = Ksu.Cis300.ConnectFour
		SccLocalPath1 = Ksu.Cis300.ConnectFour
	EndGlobalSection
	GlobalSection(SolutionConfigurationPlatforms) = preSolution
		Debug|Any CPU = Debug|Any CPU
		Release|Any CPU = Release|Any CPU
	EndGlobalSection
	GlobalSection(ProjectConfigurationPlatforms) = postSolution
		{958BA839-1043-487D-852A-0C62B11E2485}.Debug|Any CPU.ActiveCfg = Debug|Any CPU
		{958BA839-1043-487D-852A-0C62B11E2485}.Debug|Any CPU.Build.0 = Debug|Any CPU
		{958BA839-1043-487D-852A-0C62B11E2485}.Release|Any CPU.ActiveCfg = Release|Any CPU
		{958BA839-1043-487D-852A-0C62B11E2485}.Release|Any CPU.Build.0 = Release|Any CPU
	EndGlobalSection
	GlobalSection(SolutionProperties) = preSolution
		HideSolutionNode = FALSE
	EndGlobalSection
EndGlobal
